
Microsoft Visual Studio Solution File, Format Version 12.00
# Visual Studio 15
VisualStudioVersion = 15.0.27428.2037
MinimumVisualStudioVersion = 10.0.40219.1
Project("{9A19103F-16F7-4668-BE54-9A1E7A4F7556}") = "Proxem.NumNet", "Proxem.NumNet\Proxem.NumNet.csproj", "{3431C1A9-C74A-4053-ADD8-EAF174BD7A38}"
EndProject
Project("{FAE04EC0-301F-11D3-BF4B-00C04F79EFBC}") = "Proxem.NumNet.Test", "Proxem.NumNet.Test\Proxem.NumNet.Test.csproj", "{CA9B2BC3-3F6F-47F2-AAC6-E975EE54C9A6}"
EndProject

Global
	GlobalSection(SolutionConfigurationPlatforms) = preSolution
		Debug|Any CPU = Debug|Any CPU
		Debug|x64 = Debug|x64
		Release|Any CPU = Release|Any CPU
		Release|x64 = Release|x64
	EndGlobalSection
	GlobalSection(ProjectConfigurationPlatforms) = postSolution
		{3431C1A9-C74A-4053-ADD8-EAF174BD7A38}.Debug|Any CPU.ActiveCfg = Debug|Any CPU
		{3431C1A9-C74A-4053-ADD8-EAF174BD7A38}.Debug|Any CPU.Build.0 = Debug|Any CPU
		{3431C1A9-C74A-4053-ADD8-EAF174BD7A38}.Debug|x64.ActiveCfg = Debug|Any CPU
		{3431C1A9-C74A-4053-ADD8-EAF174BD7A38}.Debug|x64.Build.0 = Debug|Any CPU
		{3431C1A9-C74A-4053-ADD8-EAF174BD7A38}.Release|Any CPU.ActiveCfg = Release|Any CPU
		{3431C1A9-C74A-4053-ADD8-EAF174BD7A38}.Release|Any CPU.Build.0 = Release|Any CPU
		{3431C1A9-C74A-4053-ADD8-EAF174BD7A38}.Release|x64.ActiveCfg = Release|x64
		{3431C1A9-C74A-4053-ADD8-EAF174BD7A38}.Release|x64.Build.0 = Release|x64
		{CA9B2BC3-3F6F-47F2-AAC6-E975EE54C9A6}.Debug|Any CPU.ActiveCfg = Debug|Any CPU
		{CA9B2BC3-3F6F-47F2-AAC6-E975EE54C9A6}.Debug|Any CPU.Build.0 = Debug|Any CPU
		{CA9B2BC3-3F6F-47F2-AAC6-E975EE54C9A6}.Debug|x64.ActiveCfg = Debug|x64
		{CA9B2BC3-3F6F-47F2-AAC6-E975EE54C9A6}.Debug|x64.Build.0 = Debug|x64
		{CA9B2BC3-3F6F-47F2-AAC6-E975EE54C9A6}.Release|Any CPU.ActiveCfg = Release|Any CPU
		{CA9B2BC3-3F6F-47F2-AAC6-E975EE54C9A6}.Release|Any CPU.Build.0 = Release|Any CPU
		{CA9B2BC3-3F6F-47F2-AAC6-E975EE54C9A6}.Release|x64.ActiveCfg = Release|x64
		{CA9B2BC3-3F6F-47F2-AAC6-E975EE54C9A6}.Release|x64.Build.0 = Release|x64
	EndGlobalSection
	GlobalSection(SolutionProperties) = preSolution
		HideSolutionNode = FALSE
	EndGlobalSection
	GlobalSection(ExtensibilityGlobals) = postSolution
		SolutionGuid = {69398363-AC4E-40B4-8BA5-E4BFC31828EF}
	EndGlobalSection
EndGlobal
