
Microsoft Visual Studio Solution File, Format Version 12.00
# Visual Studio 14
VisualStudioVersion = 14.0.25123.0
MinimumVisualStudioVersion = 10.0.40219.1
Project("{2150E333-8FDC-42A3-9474-1A3956D46DE8}") = "Solution Items", "Solution Items", "{23A0BA89-6D7E-4413-AFC8-702D61CB2E45}"
	ProjectSection(SolutionItems) = preProject
		Test.runsettings = Test.runsettings
	EndProjectSection
EndProject
Project("{FAE04EC0-301F-11D3-BF4B-00C04F79EFBC}") = "Proxem.NumNet", "Proxem.NumNet.csproj", "{3431C1A9-C74A-4053-ADD8-EAF174BD7A38}"
	ProjectSection(ProjectDependencies) = postProject
		{076CE724-33E4-49A7-A30A-1063452D18BD} = {076CE724-33E4-49A7-A30A-1063452D18BD}
	EndProjectSection
EndProject
Project("{FAE04EC0-301F-11D3-BF4B-00C04F79EFBC}") = "Proxem.NumNet.Test", "..\Proxem.NumNet.Test\Proxem.NumNet.Test.csproj", "{CA9B2BC3-3F6F-47F2-AAC6-E975EE54C9A6}"
EndProject
Project("{FAE04EC0-301F-11D3-BF4B-00C04F79EFBC}") = "Proxem.NumNet.Basic", "..\Proxem.NumNet.Basic\Proxem.NumNet.Basic.csproj", "{076CE724-33E4-49A7-A30A-1063452D18BD}"
EndProject
Project("{FAE04EC0-301F-11D3-BF4B-00C04F79EFBC}") = "Proxem.NumNet.HDF5", "..\Proxem.NumNet.HDF5\Proxem.NumNet.HDF5.csproj", "{1BD874C0-1FB4-4325-A094-EA45BBCD84C2}"
EndProject
Project("{FAE04EC0-301F-11D3-BF4B-00C04F79EFBC}") = "Proxem.NumNet.HDF5.Test", "..\Proxem.NumNet.HDF5.Test\Proxem.NumNet.HDF5.Test.csproj", "{E54514BA-A58A-4054-9454-E7BBA7005D20}"
EndProject
Project("{FAE04EC0-301F-11D3-BF4B-00C04F79EFBC}") = "Proxem.NumNet.Word2Vec", "..\Proxem.NumNet.Word2Vec\Proxem.NumNet.Word2Vec.csproj", "{2983EE4B-BEC7-4C6A-8B49-EF7349FDEAC4}"
EndProject
Project("{FAE04EC0-301F-11D3-BF4B-00C04F79EFBC}") = "Proxem.NumNet.Word2Vec.Test", "..\Proxem.NumNet.Word2Vec.Test\Proxem.NumNet.Word2Vec.Test.csproj", "{C2139CB9-74CB-4FC9-9474-1E065C32A40A}"
EndProject
Global
	GlobalSection(SolutionConfigurationPlatforms) = preSolution
		Debug|Any CPU = Debug|Any CPU
		Debug|Mixed Platforms = Debug|Mixed Platforms
		Debug|Win32 = Debug|Win32
		Debug|x64 = Debug|x64
		Debug|x86 = Debug|x86
		DebugStable|Any CPU = DebugStable|Any CPU
		DebugStable|Mixed Platforms = DebugStable|Mixed Platforms
		DebugStable|Win32 = DebugStable|Win32
		DebugStable|x64 = DebugStable|x64
		DebugStable|x86 = DebugStable|x86
		Release_Serial|Any CPU = Release_Serial|Any CPU
		Release_Serial|Mixed Platforms = Release_Serial|Mixed Platforms
		Release_Serial|Win32 = Release_Serial|Win32
		Release_Serial|x64 = Release_Serial|x64
		Release_Serial|x86 = Release_Serial|x86
		Release|Any CPU = Release|Any CPU
		Release|Mixed Platforms = Release|Mixed Platforms
		Release|Win32 = Release|Win32
		Release|x64 = Release|x64
		Release|x86 = Release|x86
		ReleaseStable|Any CPU = ReleaseStable|Any CPU
		ReleaseStable|Mixed Platforms = ReleaseStable|Mixed Platforms
		ReleaseStable|Win32 = ReleaseStable|Win32
		ReleaseStable|x64 = ReleaseStable|x64
		ReleaseStable|x86 = ReleaseStable|x86
	EndGlobalSection
	GlobalSection(ProjectConfigurationPlatforms) = postSolution
		{3431C1A9-C74A-4053-ADD8-EAF174BD7A38}.Debug|Any CPU.ActiveCfg = Debug|Any CPU
		{3431C1A9-C74A-4053-ADD8-EAF174BD7A38}.Debug|Any CPU.Build.0 = Debug|Any CPU
		{3431C1A9-C74A-4053-ADD8-EAF174BD7A38}.Debug|Mixed Platforms.ActiveCfg = Debug|Any CPU
		{3431C1A9-C74A-4053-ADD8-EAF174BD7A38}.Debug|Mixed Platforms.Build.0 = Debug|Any CPU
		{3431C1A9-C74A-4053-ADD8-EAF174BD7A38}.Debug|Win32.ActiveCfg = Debug|Any CPU
		{3431C1A9-C74A-4053-ADD8-EAF174BD7A38}.Debug|x64.ActiveCfg = Debug|x64
		{3431C1A9-C74A-4053-ADD8-EAF174BD7A38}.Debug|x64.Build.0 = Debug|x64
		{3431C1A9-C74A-4053-ADD8-EAF174BD7A38}.Debug|x86.ActiveCfg = Debug|Any CPU
		{3431C1A9-C74A-4053-ADD8-EAF174BD7A38}.DebugStable|Any CPU.ActiveCfg = Debug|Any CPU
		{3431C1A9-C74A-4053-ADD8-EAF174BD7A38}.DebugStable|Any CPU.Build.0 = Debug|Any CPU
		{3431C1A9-C74A-4053-ADD8-EAF174BD7A38}.DebugStable|Mixed Platforms.ActiveCfg = Debug|Any CPU
		{3431C1A9-C74A-4053-ADD8-EAF174BD7A38}.DebugStable|Mixed Platforms.Build.0 = Debug|Any CPU
		{3431C1A9-C74A-4053-ADD8-EAF174BD7A38}.DebugStable|Win32.ActiveCfg = Debug|Any CPU
		{3431C1A9-C74A-4053-ADD8-EAF174BD7A38}.DebugStable|x64.ActiveCfg = Debug|x64
		{3431C1A9-C74A-4053-ADD8-EAF174BD7A38}.DebugStable|x64.Build.0 = Debug|x64
		{3431C1A9-C74A-4053-ADD8-EAF174BD7A38}.DebugStable|x86.ActiveCfg = Debug|Any CPU
		{3431C1A9-C74A-4053-ADD8-EAF174BD7A38}.Release_Serial|Any CPU.ActiveCfg = Release|Any CPU
		{3431C1A9-C74A-4053-ADD8-EAF174BD7A38}.Release_Serial|Any CPU.Build.0 = Release|Any CPU
		{3431C1A9-C74A-4053-ADD8-EAF174BD7A38}.Release_Serial|Mixed Platforms.ActiveCfg = Release|Any CPU
		{3431C1A9-C74A-4053-ADD8-EAF174BD7A38}.Release_Serial|Mixed Platforms.Build.0 = Release|Any CPU
		{3431C1A9-C74A-4053-ADD8-EAF174BD7A38}.Release_Serial|Win32.ActiveCfg = Release|Any CPU
		{3431C1A9-C74A-4053-ADD8-EAF174BD7A38}.Release_Serial|x64.ActiveCfg = Debug|x64
		{3431C1A9-C74A-4053-ADD8-EAF174BD7A38}.Release_Serial|x64.Build.0 = Debug|x64
		{3431C1A9-C74A-4053-ADD8-EAF174BD7A38}.Release_Serial|x86.ActiveCfg = Release|Any CPU
		{3431C1A9-C74A-4053-ADD8-EAF174BD7A38}.Release|Any CPU.ActiveCfg = Release|Any CPU
		{3431C1A9-C74A-4053-ADD8-EAF174BD7A38}.Release|Any CPU.Build.0 = Release|Any CPU
		{3431C1A9-C74A-4053-ADD8-EAF174BD7A38}.Release|Mixed Platforms.ActiveCfg = Release|Any CPU
		{3431C1A9-C74A-4053-ADD8-EAF174BD7A38}.Release|Mixed Platforms.Build.0 = Release|Any CPU
		{3431C1A9-C74A-4053-ADD8-EAF174BD7A38}.Release|Win32.ActiveCfg = Release|Any CPU
		{3431C1A9-C74A-4053-ADD8-EAF174BD7A38}.Release|x64.ActiveCfg = Release|x64
		{3431C1A9-C74A-4053-ADD8-EAF174BD7A38}.Release|x64.Build.0 = Release|x64
		{3431C1A9-C74A-4053-ADD8-EAF174BD7A38}.Release|x86.ActiveCfg = Release|Any CPU
		{3431C1A9-C74A-4053-ADD8-EAF174BD7A38}.ReleaseStable|Any CPU.ActiveCfg = Release|Any CPU
		{3431C1A9-C74A-4053-ADD8-EAF174BD7A38}.ReleaseStable|Any CPU.Build.0 = Release|Any CPU
		{3431C1A9-C74A-4053-ADD8-EAF174BD7A38}.ReleaseStable|Mixed Platforms.ActiveCfg = Release|Any CPU
		{3431C1A9-C74A-4053-ADD8-EAF174BD7A38}.ReleaseStable|Mixed Platforms.Build.0 = Release|Any CPU
		{3431C1A9-C74A-4053-ADD8-EAF174BD7A38}.ReleaseStable|Win32.ActiveCfg = Release|Any CPU
		{3431C1A9-C74A-4053-ADD8-EAF174BD7A38}.ReleaseStable|x64.ActiveCfg = Debug|x64
		{3431C1A9-C74A-4053-ADD8-EAF174BD7A38}.ReleaseStable|x64.Build.0 = Debug|x64
		{3431C1A9-C74A-4053-ADD8-EAF174BD7A38}.ReleaseStable|x86.ActiveCfg = Release|Any CPU
		{CA9B2BC3-3F6F-47F2-AAC6-E975EE54C9A6}.Debug|Any CPU.ActiveCfg = Debug|Any CPU
		{CA9B2BC3-3F6F-47F2-AAC6-E975EE54C9A6}.Debug|Any CPU.Build.0 = Debug|Any CPU
		{CA9B2BC3-3F6F-47F2-AAC6-E975EE54C9A6}.Debug|Mixed Platforms.ActiveCfg = Debug|Any CPU
		{CA9B2BC3-3F6F-47F2-AAC6-E975EE54C9A6}.Debug|Mixed Platforms.Build.0 = Debug|Any CPU
		{CA9B2BC3-3F6F-47F2-AAC6-E975EE54C9A6}.Debug|Win32.ActiveCfg = Debug|Any CPU
		{CA9B2BC3-3F6F-47F2-AAC6-E975EE54C9A6}.Debug|x64.ActiveCfg = Debug|x64
		{CA9B2BC3-3F6F-47F2-AAC6-E975EE54C9A6}.Debug|x64.Build.0 = Debug|x64
		{CA9B2BC3-3F6F-47F2-AAC6-E975EE54C9A6}.Debug|x86.ActiveCfg = Debug|Any CPU
		{CA9B2BC3-3F6F-47F2-AAC6-E975EE54C9A6}.DebugStable|Any CPU.ActiveCfg = Debug|Any CPU
		{CA9B2BC3-3F6F-47F2-AAC6-E975EE54C9A6}.DebugStable|Any CPU.Build.0 = Debug|Any CPU
		{CA9B2BC3-3F6F-47F2-AAC6-E975EE54C9A6}.DebugStable|Mixed Platforms.ActiveCfg = Debug|Any CPU
		{CA9B2BC3-3F6F-47F2-AAC6-E975EE54C9A6}.DebugStable|Mixed Platforms.Build.0 = Debug|Any CPU
		{CA9B2BC3-3F6F-47F2-AAC6-E975EE54C9A6}.DebugStable|Win32.ActiveCfg = Debug|Any CPU
		{CA9B2BC3-3F6F-47F2-AAC6-E975EE54C9A6}.DebugStable|x64.ActiveCfg = Debug|x64
		{CA9B2BC3-3F6F-47F2-AAC6-E975EE54C9A6}.DebugStable|x64.Build.0 = Debug|x64
		{CA9B2BC3-3F6F-47F2-AAC6-E975EE54C9A6}.DebugStable|x86.ActiveCfg = Debug|Any CPU
		{CA9B2BC3-3F6F-47F2-AAC6-E975EE54C9A6}.Release_Serial|Any CPU.ActiveCfg = Release|Any CPU
		{CA9B2BC3-3F6F-47F2-AAC6-E975EE54C9A6}.Release_Serial|Any CPU.Build.0 = Release|Any CPU
		{CA9B2BC3-3F6F-47F2-AAC6-E975EE54C9A6}.Release_Serial|Mixed Platforms.ActiveCfg = Release|Any CPU
		{CA9B2BC3-3F6F-47F2-AAC6-E975EE54C9A6}.Release_Serial|Mixed Platforms.Build.0 = Release|Any CPU
		{CA9B2BC3-3F6F-47F2-AAC6-E975EE54C9A6}.Release_Serial|Win32.ActiveCfg = Release|Any CPU
		{CA9B2BC3-3F6F-47F2-AAC6-E975EE54C9A6}.Release_Serial|x64.ActiveCfg = Debug|x64
		{CA9B2BC3-3F6F-47F2-AAC6-E975EE54C9A6}.Release_Serial|x64.Build.0 = Debug|x64
		{CA9B2BC3-3F6F-47F2-AAC6-E975EE54C9A6}.Release_Serial|x86.ActiveCfg = Release|Any CPU
		{CA9B2BC3-3F6F-47F2-AAC6-E975EE54C9A6}.Release|Any CPU.ActiveCfg = Release|Any CPU
		{CA9B2BC3-3F6F-47F2-AAC6-E975EE54C9A6}.Release|Any CPU.Build.0 = Release|Any CPU
		{CA9B2BC3-3F6F-47F2-AAC6-E975EE54C9A6}.Release|Mixed Platforms.ActiveCfg = Release|Any CPU
		{CA9B2BC3-3F6F-47F2-AAC6-E975EE54C9A6}.Release|Mixed Platforms.Build.0 = Release|Any CPU
		{CA9B2BC3-3F6F-47F2-AAC6-E975EE54C9A6}.Release|Win32.ActiveCfg = Release|Any CPU
		{CA9B2BC3-3F6F-47F2-AAC6-E975EE54C9A6}.Release|x64.ActiveCfg = Release|x64
		{CA9B2BC3-3F6F-47F2-AAC6-E975EE54C9A6}.Release|x64.Build.0 = Release|x64
		{CA9B2BC3-3F6F-47F2-AAC6-E975EE54C9A6}.Release|x86.ActiveCfg = Release|Any CPU
		{CA9B2BC3-3F6F-47F2-AAC6-E975EE54C9A6}.ReleaseStable|Any CPU.ActiveCfg = Release|Any CPU
		{CA9B2BC3-3F6F-47F2-AAC6-E975EE54C9A6}.ReleaseStable|Any CPU.Build.0 = Release|Any CPU
		{CA9B2BC3-3F6F-47F2-AAC6-E975EE54C9A6}.ReleaseStable|Mixed Platforms.ActiveCfg = Release|Any CPU
		{CA9B2BC3-3F6F-47F2-AAC6-E975EE54C9A6}.ReleaseStable|Mixed Platforms.Build.0 = Release|Any CPU
		{CA9B2BC3-3F6F-47F2-AAC6-E975EE54C9A6}.ReleaseStable|Win32.ActiveCfg = Release|Any CPU
		{CA9B2BC3-3F6F-47F2-AAC6-E975EE54C9A6}.ReleaseStable|x64.ActiveCfg = Debug|x64
		{CA9B2BC3-3F6F-47F2-AAC6-E975EE54C9A6}.ReleaseStable|x64.Build.0 = Debug|x64
		{CA9B2BC3-3F6F-47F2-AAC6-E975EE54C9A6}.ReleaseStable|x86.ActiveCfg = Release|Any CPU
		{076CE724-33E4-49A7-A30A-1063452D18BD}.Debug|Any CPU.ActiveCfg = Debug|Any CPU
		{076CE724-33E4-49A7-A30A-1063452D18BD}.Debug|Any CPU.Build.0 = Debug|Any CPU
		{076CE724-33E4-49A7-A30A-1063452D18BD}.Debug|Mixed Platforms.ActiveCfg = Debug|Any CPU
		{076CE724-33E4-49A7-A30A-1063452D18BD}.Debug|Mixed Platforms.Build.0 = Debug|Any CPU
		{076CE724-33E4-49A7-A30A-1063452D18BD}.Debug|Win32.ActiveCfg = Debug|Any CPU
		{076CE724-33E4-49A7-A30A-1063452D18BD}.Debug|x64.ActiveCfg = Debug|x64
		{076CE724-33E4-49A7-A30A-1063452D18BD}.Debug|x64.Build.0 = Debug|x64
		{076CE724-33E4-49A7-A30A-1063452D18BD}.Debug|x86.ActiveCfg = Debug|Any CPU
		{076CE724-33E4-49A7-A30A-1063452D18BD}.DebugStable|Any CPU.ActiveCfg = Debug|Any CPU
		{076CE724-33E4-49A7-A30A-1063452D18BD}.DebugStable|Any CPU.Build.0 = Debug|Any CPU
		{076CE724-33E4-49A7-A30A-1063452D18BD}.DebugStable|Mixed Platforms.ActiveCfg = Debug|Any CPU
		{076CE724-33E4-49A7-A30A-1063452D18BD}.DebugStable|Mixed Platforms.Build.0 = Debug|Any CPU
		{076CE724-33E4-49A7-A30A-1063452D18BD}.DebugStable|Win32.ActiveCfg = Debug|Any CPU
		{076CE724-33E4-49A7-A30A-1063452D18BD}.DebugStable|x64.ActiveCfg = Debug|x64
		{076CE724-33E4-49A7-A30A-1063452D18BD}.DebugStable|x64.Build.0 = Debug|x64
		{076CE724-33E4-49A7-A30A-1063452D18BD}.DebugStable|x86.ActiveCfg = Debug|Any CPU
		{076CE724-33E4-49A7-A30A-1063452D18BD}.Release_Serial|Any CPU.ActiveCfg = Release|Any CPU
		{076CE724-33E4-49A7-A30A-1063452D18BD}.Release_Serial|Any CPU.Build.0 = Release|Any CPU
		{076CE724-33E4-49A7-A30A-1063452D18BD}.Release_Serial|Mixed Platforms.ActiveCfg = Release|Any CPU
		{076CE724-33E4-49A7-A30A-1063452D18BD}.Release_Serial|Mixed Platforms.Build.0 = Release|Any CPU
		{076CE724-33E4-49A7-A30A-1063452D18BD}.Release_Serial|Win32.ActiveCfg = Release|Any CPU
		{076CE724-33E4-49A7-A30A-1063452D18BD}.Release_Serial|x64.ActiveCfg = Debug|x64
		{076CE724-33E4-49A7-A30A-1063452D18BD}.Release_Serial|x64.Build.0 = Debug|x64
		{076CE724-33E4-49A7-A30A-1063452D18BD}.Release_Serial|x86.ActiveCfg = Release|Any CPU
		{076CE724-33E4-49A7-A30A-1063452D18BD}.Release|Any CPU.ActiveCfg = Release|Any CPU
		{076CE724-33E4-49A7-A30A-1063452D18BD}.Release|Any CPU.Build.0 = Release|Any CPU
		{076CE724-33E4-49A7-A30A-1063452D18BD}.Release|Mixed Platforms.ActiveCfg = Release|Any CPU
		{076CE724-33E4-49A7-A30A-1063452D18BD}.Release|Mixed Platforms.Build.0 = Release|Any CPU
		{076CE724-33E4-49A7-A30A-1063452D18BD}.Release|Win32.ActiveCfg = Release|Any CPU
		{076CE724-33E4-49A7-A30A-1063452D18BD}.Release|x64.ActiveCfg = Release|x64
		{076CE724-33E4-49A7-A30A-1063452D18BD}.Release|x64.Build.0 = Release|x64
		{076CE724-33E4-49A7-A30A-1063452D18BD}.Release|x86.ActiveCfg = Release|Any CPU
		{076CE724-33E4-49A7-A30A-1063452D18BD}.ReleaseStable|Any CPU.ActiveCfg = Release|Any CPU
		{076CE724-33E4-49A7-A30A-1063452D18BD}.ReleaseStable|Any CPU.Build.0 = Release|Any CPU
		{076CE724-33E4-49A7-A30A-1063452D18BD}.ReleaseStable|Mixed Platforms.ActiveCfg = Release|Any CPU
		{076CE724-33E4-49A7-A30A-1063452D18BD}.ReleaseStable|Mixed Platforms.Build.0 = Release|Any CPU
		{076CE724-33E4-49A7-A30A-1063452D18BD}.ReleaseStable|Win32.ActiveCfg = Release|Any CPU
		{076CE724-33E4-49A7-A30A-1063452D18BD}.ReleaseStable|x64.ActiveCfg = Debug|x64
		{076CE724-33E4-49A7-A30A-1063452D18BD}.ReleaseStable|x64.Build.0 = Debug|x64
		{076CE724-33E4-49A7-A30A-1063452D18BD}.ReleaseStable|x86.ActiveCfg = Release|Any CPU
		{1BD874C0-1FB4-4325-A094-EA45BBCD84C2}.Debug|Any CPU.ActiveCfg = Debug|Any CPU
		{1BD874C0-1FB4-4325-A094-EA45BBCD84C2}.Debug|Any CPU.Build.0 = Debug|Any CPU
		{1BD874C0-1FB4-4325-A094-EA45BBCD84C2}.Debug|Mixed Platforms.ActiveCfg = Debug|Any CPU
		{1BD874C0-1FB4-4325-A094-EA45BBCD84C2}.Debug|Mixed Platforms.Build.0 = Debug|Any CPU
		{1BD874C0-1FB4-4325-A094-EA45BBCD84C2}.Debug|Win32.ActiveCfg = Debug|Any CPU
		{1BD874C0-1FB4-4325-A094-EA45BBCD84C2}.Debug|Win32.Build.0 = Debug|Any CPU
		{1BD874C0-1FB4-4325-A094-EA45BBCD84C2}.Debug|x64.ActiveCfg = Debug|x64
		{1BD874C0-1FB4-4325-A094-EA45BBCD84C2}.Debug|x64.Build.0 = Debug|x64
		{1BD874C0-1FB4-4325-A094-EA45BBCD84C2}.Debug|x86.ActiveCfg = Debug|Any CPU
		{1BD874C0-1FB4-4325-A094-EA45BBCD84C2}.Debug|x86.Build.0 = Debug|Any CPU
		{1BD874C0-1FB4-4325-A094-EA45BBCD84C2}.DebugStable|Any CPU.ActiveCfg = Debug|Any CPU
		{1BD874C0-1FB4-4325-A094-EA45BBCD84C2}.DebugStable|Any CPU.Build.0 = Debug|Any CPU
		{1BD874C0-1FB4-4325-A094-EA45BBCD84C2}.DebugStable|Mixed Platforms.ActiveCfg = Debug|Any CPU
		{1BD874C0-1FB4-4325-A094-EA45BBCD84C2}.DebugStable|Mixed Platforms.Build.0 = Debug|Any CPU
		{1BD874C0-1FB4-4325-A094-EA45BBCD84C2}.DebugStable|Win32.ActiveCfg = Debug|Any CPU
		{1BD874C0-1FB4-4325-A094-EA45BBCD84C2}.DebugStable|Win32.Build.0 = Debug|Any CPU
		{1BD874C0-1FB4-4325-A094-EA45BBCD84C2}.DebugStable|x64.ActiveCfg = Debug|x64
		{1BD874C0-1FB4-4325-A094-EA45BBCD84C2}.DebugStable|x64.Build.0 = Debug|x64
		{1BD874C0-1FB4-4325-A094-EA45BBCD84C2}.DebugStable|x86.ActiveCfg = Debug|Any CPU
		{1BD874C0-1FB4-4325-A094-EA45BBCD84C2}.DebugStable|x86.Build.0 = Debug|Any CPU
		{1BD874C0-1FB4-4325-A094-EA45BBCD84C2}.Release_Serial|Any CPU.ActiveCfg = Release|Any CPU
		{1BD874C0-1FB4-4325-A094-EA45BBCD84C2}.Release_Serial|Any CPU.Build.0 = Release|Any CPU
		{1BD874C0-1FB4-4325-A094-EA45BBCD84C2}.Release_Serial|Mixed Platforms.ActiveCfg = Release|Any CPU
		{1BD874C0-1FB4-4325-A094-EA45BBCD84C2}.Release_Serial|Mixed Platforms.Build.0 = Release|Any CPU
		{1BD874C0-1FB4-4325-A094-EA45BBCD84C2}.Release_Serial|Win32.ActiveCfg = Release|Any CPU
		{1BD874C0-1FB4-4325-A094-EA45BBCD84C2}.Release_Serial|Win32.Build.0 = Release|Any CPU
		{1BD874C0-1FB4-4325-A094-EA45BBCD84C2}.Release_Serial|x64.ActiveCfg = Debug|x64
		{1BD874C0-1FB4-4325-A094-EA45BBCD84C2}.Release_Serial|x64.Build.0 = Debug|x64
		{1BD874C0-1FB4-4325-A094-EA45BBCD84C2}.Release_Serial|x86.ActiveCfg = Release|Any CPU
		{1BD874C0-1FB4-4325-A094-EA45BBCD84C2}.Release_Serial|x86.Build.0 = Release|Any CPU
		{1BD874C0-1FB4-4325-A094-EA45BBCD84C2}.Release|Any CPU.ActiveCfg = Release|Any CPU
		{1BD874C0-1FB4-4325-A094-EA45BBCD84C2}.Release|Any CPU.Build.0 = Release|Any CPU
		{1BD874C0-1FB4-4325-A094-EA45BBCD84C2}.Release|Mixed Platforms.ActiveCfg = Release|Any CPU
		{1BD874C0-1FB4-4325-A094-EA45BBCD84C2}.Release|Mixed Platforms.Build.0 = Release|Any CPU
		{1BD874C0-1FB4-4325-A094-EA45BBCD84C2}.Release|Win32.ActiveCfg = Release|Any CPU
		{1BD874C0-1FB4-4325-A094-EA45BBCD84C2}.Release|Win32.Build.0 = Release|Any CPU
		{1BD874C0-1FB4-4325-A094-EA45BBCD84C2}.Release|x64.ActiveCfg = Release|x64
		{1BD874C0-1FB4-4325-A094-EA45BBCD84C2}.Release|x64.Build.0 = Release|x64
		{1BD874C0-1FB4-4325-A094-EA45BBCD84C2}.Release|x86.ActiveCfg = Release|Any CPU
		{1BD874C0-1FB4-4325-A094-EA45BBCD84C2}.Release|x86.Build.0 = Release|Any CPU
		{1BD874C0-1FB4-4325-A094-EA45BBCD84C2}.ReleaseStable|Any CPU.ActiveCfg = Release|Any CPU
		{1BD874C0-1FB4-4325-A094-EA45BBCD84C2}.ReleaseStable|Any CPU.Build.0 = Release|Any CPU
		{1BD874C0-1FB4-4325-A094-EA45BBCD84C2}.ReleaseStable|Mixed Platforms.ActiveCfg = Release|Any CPU
		{1BD874C0-1FB4-4325-A094-EA45BBCD84C2}.ReleaseStable|Mixed Platforms.Build.0 = Release|Any CPU
		{1BD874C0-1FB4-4325-A094-EA45BBCD84C2}.ReleaseStable|Win32.ActiveCfg = Release|Any CPU
		{1BD874C0-1FB4-4325-A094-EA45BBCD84C2}.ReleaseStable|Win32.Build.0 = Release|Any CPU
		{1BD874C0-1FB4-4325-A094-EA45BBCD84C2}.ReleaseStable|x64.ActiveCfg = Debug|x64
		{1BD874C0-1FB4-4325-A094-EA45BBCD84C2}.ReleaseStable|x64.Build.0 = Debug|x64
		{1BD874C0-1FB4-4325-A094-EA45BBCD84C2}.ReleaseStable|x86.ActiveCfg = Release|Any CPU
		{1BD874C0-1FB4-4325-A094-EA45BBCD84C2}.ReleaseStable|x86.Build.0 = Release|Any CPU
		{E54514BA-A58A-4054-9454-E7BBA7005D20}.Debug|Any CPU.ActiveCfg = Debug|Any CPU
		{E54514BA-A58A-4054-9454-E7BBA7005D20}.Debug|Any CPU.Build.0 = Debug|Any CPU
		{E54514BA-A58A-4054-9454-E7BBA7005D20}.Debug|Mixed Platforms.ActiveCfg = Debug|Any CPU
		{E54514BA-A58A-4054-9454-E7BBA7005D20}.Debug|Mixed Platforms.Build.0 = Debug|Any CPU
		{E54514BA-A58A-4054-9454-E7BBA7005D20}.Debug|Win32.ActiveCfg = Debug|Any CPU
		{E54514BA-A58A-4054-9454-E7BBA7005D20}.Debug|Win32.Build.0 = Debug|Any CPU
		{E54514BA-A58A-4054-9454-E7BBA7005D20}.Debug|x64.ActiveCfg = Debug|x64
		{E54514BA-A58A-4054-9454-E7BBA7005D20}.Debug|x64.Build.0 = Debug|x64
		{E54514BA-A58A-4054-9454-E7BBA7005D20}.Debug|x86.ActiveCfg = Debug|Any CPU
		{E54514BA-A58A-4054-9454-E7BBA7005D20}.Debug|x86.Build.0 = Debug|Any CPU
		{E54514BA-A58A-4054-9454-E7BBA7005D20}.DebugStable|Any CPU.ActiveCfg = Debug|Any CPU
		{E54514BA-A58A-4054-9454-E7BBA7005D20}.DebugStable|Any CPU.Build.0 = Debug|Any CPU
		{E54514BA-A58A-4054-9454-E7BBA7005D20}.DebugStable|Mixed Platforms.ActiveCfg = Debug|Any CPU
		{E54514BA-A58A-4054-9454-E7BBA7005D20}.DebugStable|Mixed Platforms.Build.0 = Debug|Any CPU
		{E54514BA-A58A-4054-9454-E7BBA7005D20}.DebugStable|Win32.ActiveCfg = Debug|Any CPU
		{E54514BA-A58A-4054-9454-E7BBA7005D20}.DebugStable|Win32.Build.0 = Debug|Any CPU
		{E54514BA-A58A-4054-9454-E7BBA7005D20}.DebugStable|x64.ActiveCfg = Debug|x64
		{E54514BA-A58A-4054-9454-E7BBA7005D20}.DebugStable|x64.Build.0 = Debug|x64
		{E54514BA-A58A-4054-9454-E7BBA7005D20}.DebugStable|x86.ActiveCfg = Debug|Any CPU
		{E54514BA-A58A-4054-9454-E7BBA7005D20}.DebugStable|x86.Build.0 = Debug|Any CPU
		{E54514BA-A58A-4054-9454-E7BBA7005D20}.Release_Serial|Any CPU.ActiveCfg = Release|Any CPU
		{E54514BA-A58A-4054-9454-E7BBA7005D20}.Release_Serial|Any CPU.Build.0 = Release|Any CPU
		{E54514BA-A58A-4054-9454-E7BBA7005D20}.Release_Serial|Mixed Platforms.ActiveCfg = Release|Any CPU
		{E54514BA-A58A-4054-9454-E7BBA7005D20}.Release_Serial|Mixed Platforms.Build.0 = Release|Any CPU
		{E54514BA-A58A-4054-9454-E7BBA7005D20}.Release_Serial|Win32.ActiveCfg = Release|Any CPU
		{E54514BA-A58A-4054-9454-E7BBA7005D20}.Release_Serial|Win32.Build.0 = Release|Any CPU
		{E54514BA-A58A-4054-9454-E7BBA7005D20}.Release_Serial|x64.ActiveCfg = Debug|x64
		{E54514BA-A58A-4054-9454-E7BBA7005D20}.Release_Serial|x64.Build.0 = Debug|x64
		{E54514BA-A58A-4054-9454-E7BBA7005D20}.Release_Serial|x86.ActiveCfg = Release|Any CPU
		{E54514BA-A58A-4054-9454-E7BBA7005D20}.Release_Serial|x86.Build.0 = Release|Any CPU
		{E54514BA-A58A-4054-9454-E7BBA7005D20}.Release|Any CPU.ActiveCfg = Release|Any CPU
		{E54514BA-A58A-4054-9454-E7BBA7005D20}.Release|Any CPU.Build.0 = Release|Any CPU
		{E54514BA-A58A-4054-9454-E7BBA7005D20}.Release|Mixed Platforms.ActiveCfg = Release|Any CPU
		{E54514BA-A58A-4054-9454-E7BBA7005D20}.Release|Mixed Platforms.Build.0 = Release|Any CPU
		{E54514BA-A58A-4054-9454-E7BBA7005D20}.Release|Win32.ActiveCfg = Release|Any CPU
		{E54514BA-A58A-4054-9454-E7BBA7005D20}.Release|Win32.Build.0 = Release|Any CPU
		{E54514BA-A58A-4054-9454-E7BBA7005D20}.Release|x64.ActiveCfg = Release|x64
		{E54514BA-A58A-4054-9454-E7BBA7005D20}.Release|x64.Build.0 = Release|x64
		{E54514BA-A58A-4054-9454-E7BBA7005D20}.Release|x86.ActiveCfg = Release|Any CPU
		{E54514BA-A58A-4054-9454-E7BBA7005D20}.Release|x86.Build.0 = Release|Any CPU
		{E54514BA-A58A-4054-9454-E7BBA7005D20}.ReleaseStable|Any CPU.ActiveCfg = Release|Any CPU
		{E54514BA-A58A-4054-9454-E7BBA7005D20}.ReleaseStable|Any CPU.Build.0 = Release|Any CPU
		{E54514BA-A58A-4054-9454-E7BBA7005D20}.ReleaseStable|Mixed Platforms.ActiveCfg = Release|Any CPU
		{E54514BA-A58A-4054-9454-E7BBA7005D20}.ReleaseStable|Mixed Platforms.Build.0 = Release|Any CPU
		{E54514BA-A58A-4054-9454-E7BBA7005D20}.ReleaseStable|Win32.ActiveCfg = Release|Any CPU
		{E54514BA-A58A-4054-9454-E7BBA7005D20}.ReleaseStable|Win32.Build.0 = Release|Any CPU
		{E54514BA-A58A-4054-9454-E7BBA7005D20}.ReleaseStable|x64.ActiveCfg = Debug|x64
		{E54514BA-A58A-4054-9454-E7BBA7005D20}.ReleaseStable|x64.Build.0 = Debug|x64
		{E54514BA-A58A-4054-9454-E7BBA7005D20}.ReleaseStable|x86.ActiveCfg = Release|Any CPU
		{E54514BA-A58A-4054-9454-E7BBA7005D20}.ReleaseStable|x86.Build.0 = Release|Any CPU
		{2983EE4B-BEC7-4C6A-8B49-EF7349FDEAC4}.Debug|Any CPU.ActiveCfg = Debug|Any CPU
		{2983EE4B-BEC7-4C6A-8B49-EF7349FDEAC4}.Debug|Any CPU.Build.0 = Debug|Any CPU
		{2983EE4B-BEC7-4C6A-8B49-EF7349FDEAC4}.Debug|Mixed Platforms.ActiveCfg = Debug|Any CPU
		{2983EE4B-BEC7-4C6A-8B49-EF7349FDEAC4}.Debug|Mixed Platforms.Build.0 = Debug|Any CPU
		{2983EE4B-BEC7-4C6A-8B49-EF7349FDEAC4}.Debug|Win32.ActiveCfg = Debug|Any CPU
		{2983EE4B-BEC7-4C6A-8B49-EF7349FDEAC4}.Debug|Win32.Build.0 = Debug|Any CPU
		{2983EE4B-BEC7-4C6A-8B49-EF7349FDEAC4}.Debug|x64.ActiveCfg = Debug|Any CPU
		{2983EE4B-BEC7-4C6A-8B49-EF7349FDEAC4}.Debug|x64.Build.0 = Debug|Any CPU
		{2983EE4B-BEC7-4C6A-8B49-EF7349FDEAC4}.Debug|x86.ActiveCfg = Debug|Any CPU
		{2983EE4B-BEC7-4C6A-8B49-EF7349FDEAC4}.Debug|x86.Build.0 = Debug|Any CPU
		{2983EE4B-BEC7-4C6A-8B49-EF7349FDEAC4}.DebugStable|Any CPU.ActiveCfg = Debug|Any CPU
		{2983EE4B-BEC7-4C6A-8B49-EF7349FDEAC4}.DebugStable|Any CPU.Build.0 = Debug|Any CPU
		{2983EE4B-BEC7-4C6A-8B49-EF7349FDEAC4}.DebugStable|Mixed Platforms.ActiveCfg = Debug|Any CPU
		{2983EE4B-BEC7-4C6A-8B49-EF7349FDEAC4}.DebugStable|Mixed Platforms.Build.0 = Debug|Any CPU
		{2983EE4B-BEC7-4C6A-8B49-EF7349FDEAC4}.DebugStable|Win32.ActiveCfg = Debug|Any CPU
		{2983EE4B-BEC7-4C6A-8B49-EF7349FDEAC4}.DebugStable|Win32.Build.0 = Debug|Any CPU
		{2983EE4B-BEC7-4C6A-8B49-EF7349FDEAC4}.DebugStable|x64.ActiveCfg = Debug|Any CPU
		{2983EE4B-BEC7-4C6A-8B49-EF7349FDEAC4}.DebugStable|x64.Build.0 = Debug|Any CPU
		{2983EE4B-BEC7-4C6A-8B49-EF7349FDEAC4}.DebugStable|x86.ActiveCfg = Debug|Any CPU
		{2983EE4B-BEC7-4C6A-8B49-EF7349FDEAC4}.DebugStable|x86.Build.0 = Debug|Any CPU
		{2983EE4B-BEC7-4C6A-8B49-EF7349FDEAC4}.Release_Serial|Any CPU.ActiveCfg = Release|Any CPU
		{2983EE4B-BEC7-4C6A-8B49-EF7349FDEAC4}.Release_Serial|Any CPU.Build.0 = Release|Any CPU
		{2983EE4B-BEC7-4C6A-8B49-EF7349FDEAC4}.Release_Serial|Mixed Platforms.ActiveCfg = Release|Any CPU
		{2983EE4B-BEC7-4C6A-8B49-EF7349FDEAC4}.Release_Serial|Mixed Platforms.Build.0 = Release|Any CPU
		{2983EE4B-BEC7-4C6A-8B49-EF7349FDEAC4}.Release_Serial|Win32.ActiveCfg = Release|Any CPU
		{2983EE4B-BEC7-4C6A-8B49-EF7349FDEAC4}.Release_Serial|Win32.Build.0 = Release|Any CPU
		{2983EE4B-BEC7-4C6A-8B49-EF7349FDEAC4}.Release_Serial|x64.ActiveCfg = Release|Any CPU
		{2983EE4B-BEC7-4C6A-8B49-EF7349FDEAC4}.Release_Serial|x64.Build.0 = Release|Any CPU
		{2983EE4B-BEC7-4C6A-8B49-EF7349FDEAC4}.Release_Serial|x86.ActiveCfg = Release|Any CPU
		{2983EE4B-BEC7-4C6A-8B49-EF7349FDEAC4}.Release_Serial|x86.Build.0 = Release|Any CPU
		{2983EE4B-BEC7-4C6A-8B49-EF7349FDEAC4}.Release|Any CPU.ActiveCfg = Release|Any CPU
		{2983EE4B-BEC7-4C6A-8B49-EF7349FDEAC4}.Release|Any CPU.Build.0 = Release|Any CPU
		{2983EE4B-BEC7-4C6A-8B49-EF7349FDEAC4}.Release|Mixed Platforms.ActiveCfg = Release|Any CPU
		{2983EE4B-BEC7-4C6A-8B49-EF7349FDEAC4}.Release|Mixed Platforms.Build.0 = Release|Any CPU
		{2983EE4B-BEC7-4C6A-8B49-EF7349FDEAC4}.Release|Win32.ActiveCfg = Release|Any CPU
		{2983EE4B-BEC7-4C6A-8B49-EF7349FDEAC4}.Release|Win32.Build.0 = Release|Any CPU
		{2983EE4B-BEC7-4C6A-8B49-EF7349FDEAC4}.Release|x64.ActiveCfg = Release|Any CPU
		{2983EE4B-BEC7-4C6A-8B49-EF7349FDEAC4}.Release|x64.Build.0 = Release|Any CPU
		{2983EE4B-BEC7-4C6A-8B49-EF7349FDEAC4}.Release|x86.ActiveCfg = Release|Any CPU
		{2983EE4B-BEC7-4C6A-8B49-EF7349FDEAC4}.Release|x86.Build.0 = Release|Any CPU
		{2983EE4B-BEC7-4C6A-8B49-EF7349FDEAC4}.ReleaseStable|Any CPU.ActiveCfg = Release|Any CPU
		{2983EE4B-BEC7-4C6A-8B49-EF7349FDEAC4}.ReleaseStable|Any CPU.Build.0 = Release|Any CPU
		{2983EE4B-BEC7-4C6A-8B49-EF7349FDEAC4}.ReleaseStable|Mixed Platforms.ActiveCfg = Release|Any CPU
		{2983EE4B-BEC7-4C6A-8B49-EF7349FDEAC4}.ReleaseStable|Mixed Platforms.Build.0 = Release|Any CPU
		{2983EE4B-BEC7-4C6A-8B49-EF7349FDEAC4}.ReleaseStable|Win32.ActiveCfg = Release|Any CPU
		{2983EE4B-BEC7-4C6A-8B49-EF7349FDEAC4}.ReleaseStable|Win32.Build.0 = Release|Any CPU
		{2983EE4B-BEC7-4C6A-8B49-EF7349FDEAC4}.ReleaseStable|x64.ActiveCfg = Release|Any CPU
		{2983EE4B-BEC7-4C6A-8B49-EF7349FDEAC4}.ReleaseStable|x64.Build.0 = Release|Any CPU
		{2983EE4B-BEC7-4C6A-8B49-EF7349FDEAC4}.ReleaseStable|x86.ActiveCfg = Release|Any CPU
		{2983EE4B-BEC7-4C6A-8B49-EF7349FDEAC4}.ReleaseStable|x86.Build.0 = Release|Any CPU
		{C2139CB9-74CB-4FC9-9474-1E065C32A40A}.Debug|Any CPU.ActiveCfg = Debug|Any CPU
		{C2139CB9-74CB-4FC9-9474-1E065C32A40A}.Debug|Any CPU.Build.0 = Debug|Any CPU
		{C2139CB9-74CB-4FC9-9474-1E065C32A40A}.Debug|Mixed Platforms.ActiveCfg = Debug|Any CPU
		{C2139CB9-74CB-4FC9-9474-1E065C32A40A}.Debug|Mixed Platforms.Build.0 = Debug|Any CPU
		{C2139CB9-74CB-4FC9-9474-1E065C32A40A}.Debug|Win32.ActiveCfg = Debug|Any CPU
		{C2139CB9-74CB-4FC9-9474-1E065C32A40A}.Debug|Win32.Build.0 = Debug|Any CPU
		{C2139CB9-74CB-4FC9-9474-1E065C32A40A}.Debug|x64.ActiveCfg = Debug|Any CPU
		{C2139CB9-74CB-4FC9-9474-1E065C32A40A}.Debug|x64.Build.0 = Debug|Any CPU
		{C2139CB9-74CB-4FC9-9474-1E065C32A40A}.Debug|x86.ActiveCfg = Debug|Any CPU
		{C2139CB9-74CB-4FC9-9474-1E065C32A40A}.Debug|x86.Build.0 = Debug|Any CPU
		{C2139CB9-74CB-4FC9-9474-1E065C32A40A}.DebugStable|Any CPU.ActiveCfg = Debug|Any CPU
		{C2139CB9-74CB-4FC9-9474-1E065C32A40A}.DebugStable|Any CPU.Build.0 = Debug|Any CPU
		{C2139CB9-74CB-4FC9-9474-1E065C32A40A}.DebugStable|Mixed Platforms.ActiveCfg = Debug|Any CPU
		{C2139CB9-74CB-4FC9-9474-1E065C32A40A}.DebugStable|Mixed Platforms.Build.0 = Debug|Any CPU
		{C2139CB9-74CB-4FC9-9474-1E065C32A40A}.DebugStable|Win32.ActiveCfg = Debug|Any CPU
		{C2139CB9-74CB-4FC9-9474-1E065C32A40A}.DebugStable|Win32.Build.0 = Debug|Any CPU
		{C2139CB9-74CB-4FC9-9474-1E065C32A40A}.DebugStable|x64.ActiveCfg = Debug|Any CPU
		{C2139CB9-74CB-4FC9-9474-1E065C32A40A}.DebugStable|x64.Build.0 = Debug|Any CPU
		{C2139CB9-74CB-4FC9-9474-1E065C32A40A}.DebugStable|x86.ActiveCfg = Debug|Any CPU
		{C2139CB9-74CB-4FC9-9474-1E065C32A40A}.DebugStable|x86.Build.0 = Debug|Any CPU
		{C2139CB9-74CB-4FC9-9474-1E065C32A40A}.Release_Serial|Any CPU.ActiveCfg = Release|Any CPU
		{C2139CB9-74CB-4FC9-9474-1E065C32A40A}.Release_Serial|Any CPU.Build.0 = Release|Any CPU
		{C2139CB9-74CB-4FC9-9474-1E065C32A40A}.Release_Serial|Mixed Platforms.ActiveCfg = Release|Any CPU
		{C2139CB9-74CB-4FC9-9474-1E065C32A40A}.Release_Serial|Mixed Platforms.Build.0 = Release|Any CPU
		{C2139CB9-74CB-4FC9-9474-1E065C32A40A}.Release_Serial|Win32.ActiveCfg = Release|Any CPU
		{C2139CB9-74CB-4FC9-9474-1E065C32A40A}.Release_Serial|Win32.Build.0 = Release|Any CPU
		{C2139CB9-74CB-4FC9-9474-1E065C32A40A}.Release_Serial|x64.ActiveCfg = Release|Any CPU
		{C2139CB9-74CB-4FC9-9474-1E065C32A40A}.Release_Serial|x64.Build.0 = Release|Any CPU
		{C2139CB9-74CB-4FC9-9474-1E065C32A40A}.Release_Serial|x86.ActiveCfg = Release|Any CPU
		{C2139CB9-74CB-4FC9-9474-1E065C32A40A}.Release_Serial|x86.Build.0 = Release|Any CPU
		{C2139CB9-74CB-4FC9-9474-1E065C32A40A}.Release|Any CPU.ActiveCfg = Release|Any CPU
		{C2139CB9-74CB-4FC9-9474-1E065C32A40A}.Release|Any CPU.Build.0 = Release|Any CPU
		{C2139CB9-74CB-4FC9-9474-1E065C32A40A}.Release|Mixed Platforms.ActiveCfg = Release|Any CPU
		{C2139CB9-74CB-4FC9-9474-1E065C32A40A}.Release|Mixed Platforms.Build.0 = Release|Any CPU
		{C2139CB9-74CB-4FC9-9474-1E065C32A40A}.Release|Win32.ActiveCfg = Release|Any CPU
		{C2139CB9-74CB-4FC9-9474-1E065C32A40A}.Release|Win32.Build.0 = Release|Any CPU
		{C2139CB9-74CB-4FC9-9474-1E065C32A40A}.Release|x64.ActiveCfg = Release|Any CPU
		{C2139CB9-74CB-4FC9-9474-1E065C32A40A}.Release|x64.Build.0 = Release|Any CPU
		{C2139CB9-74CB-4FC9-9474-1E065C32A40A}.Release|x86.ActiveCfg = Release|Any CPU
		{C2139CB9-74CB-4FC9-9474-1E065C32A40A}.Release|x86.Build.0 = Release|Any CPU
		{C2139CB9-74CB-4FC9-9474-1E065C32A40A}.ReleaseStable|Any CPU.ActiveCfg = Release|Any CPU
		{C2139CB9-74CB-4FC9-9474-1E065C32A40A}.ReleaseStable|Any CPU.Build.0 = Release|Any CPU
		{C2139CB9-74CB-4FC9-9474-1E065C32A40A}.ReleaseStable|Mixed Platforms.ActiveCfg = Release|Any CPU
		{C2139CB9-74CB-4FC9-9474-1E065C32A40A}.ReleaseStable|Mixed Platforms.Build.0 = Release|Any CPU
		{C2139CB9-74CB-4FC9-9474-1E065C32A40A}.ReleaseStable|Win32.ActiveCfg = Release|Any CPU
		{C2139CB9-74CB-4FC9-9474-1E065C32A40A}.ReleaseStable|Win32.Build.0 = Release|Any CPU
		{C2139CB9-74CB-4FC9-9474-1E065C32A40A}.ReleaseStable|x64.ActiveCfg = Release|Any CPU
		{C2139CB9-74CB-4FC9-9474-1E065C32A40A}.ReleaseStable|x64.Build.0 = Release|Any CPU
		{C2139CB9-74CB-4FC9-9474-1E065C32A40A}.ReleaseStable|x86.ActiveCfg = Release|Any CPU
		{C2139CB9-74CB-4FC9-9474-1E065C32A40A}.ReleaseStable|x86.Build.0 = Release|Any CPU
	EndGlobalSection
	GlobalSection(SolutionProperties) = preSolution
		HideSolutionNode = FALSE
	EndGlobalSection
	GlobalSection(TestCaseManagementSettings) = postSolution
		CategoryFile = Proxem.Parsing.UI.vsmdi
	EndGlobalSection
EndGlobal
